
Microsoft Visual Studio Solution File, Format Version 12.00
# Visual Studio Version 17
VisualStudioVersion = 17.12.35527.113 d17.12
MinimumVisualStudioVersion = 10.0.40219.1
Project("{FAE04EC0-301F-11D3-BF4B-00C04F79EFBC}") = "calc", "calc\calc.csproj", "{0C613D26-C6D9-4947-B7B0-37EB13B34604}"
EndProject
Global
	GlobalSection(SolutionConfigurationPlatforms) = preSolution
		Debug|Any CPU = Debug|Any CPU
		Release|Any CPU = Release|Any CPU
	EndGlobalSection
	GlobalSection(ProjectConfigurationPlatforms) = postSolution
		{0C613D26-C6D9-4947-B7B0-37EB13B34604}.Debug|Any CPU.ActiveCfg = Debug|Any CPU
		{0C613D26-C6D9-4947-B7B0-37EB13B34604}.Debug|Any CPU.Build.0 = Debug|Any CPU
		{0C613D26-C6D9-4947-B7B0-37EB13B34604}.Release|Any CPU.ActiveCfg = Release|Any CPU
		{0C613D26-C6D9-4947-B7B0-37EB13B34604}.Release|Any CPU.Build.0 = Release|Any CPU
	EndGlobalSection
	GlobalSection(SolutionProperties) = preSolution
		HideSolutionNode = FALSE
	EndGlobalSection
EndGlobal
